
Microsoft Visual Studio Solution File, Format Version 11.00
# Visual Studio 2010
Project("{FAE04EC0-301F-11D3-BF4B-00C04F79EFBC}") = "Brainstorm MSSQL", "Brainstorm MSSQL\Brainstorm MSSQL.csproj", "{73D9B842-B788-4D3C-93A2-9D2EAE4478DD}"
EndProject
Project("{FAE04EC0-301F-11D3-BF4B-00C04F79EFBC}") = "Brainstorm SQLite", "Brainstorm SQLite\Brainstorm SQLite.csproj", "{3B022EA9-F402-4FF5-9BB0-8CB6DE22E897}"
EndProject
Global
	GlobalSection(SubversionScc) = preSolution
		Svn-Managed = True
		Manager = AnkhSVN - Subversion Support for Visual Studio
	EndGlobalSection
	GlobalSection(SolutionConfigurationPlatforms) = preSolution
		Debug|x86 = Debug|x86
		Release|x86 = Release|x86
	EndGlobalSection
	GlobalSection(ProjectConfigurationPlatforms) = postSolution
		{73D9B842-B788-4D3C-93A2-9D2EAE4478DD}.Debug|x86.ActiveCfg = Debug|x86
		{73D9B842-B788-4D3C-93A2-9D2EAE4478DD}.Debug|x86.Build.0 = Debug|x86
		{73D9B842-B788-4D3C-93A2-9D2EAE4478DD}.Release|x86.ActiveCfg = Release|x86
		{73D9B842-B788-4D3C-93A2-9D2EAE4478DD}.Release|x86.Build.0 = Release|x86
		{3B022EA9-F402-4FF5-9BB0-8CB6DE22E897}.Debug|x86.ActiveCfg = Debug|x86
		{3B022EA9-F402-4FF5-9BB0-8CB6DE22E897}.Debug|x86.Build.0 = Debug|x86
		{3B022EA9-F402-4FF5-9BB0-8CB6DE22E897}.Release|x86.ActiveCfg = Release|x86
		{3B022EA9-F402-4FF5-9BB0-8CB6DE22E897}.Release|x86.Build.0 = Release|x86
	EndGlobalSection
	GlobalSection(SolutionProperties) = preSolution
		HideSolutionNode = FALSE
	EndGlobalSection
EndGlobal
